
Microsoft Visual Studio Solution File, Format Version 12.00
# Visual Studio Express 2012 for Web
Project("{FAE04EC0-301F-11D3-BF4B-00C04F79EFBC}") = "Angulartutorial", "Angulartutorial\Angulartutorial.csproj", "{A66E49B8-F901-404D-81CA-68B9C56FCFFA}"
EndProject
Global
	GlobalSection(SolutionConfigurationPlatforms) = preSolution
		Debug|Any CPU = Debug|Any CPU
		Release|Any CPU = Release|Any CPU
	EndGlobalSection
	GlobalSection(ProjectConfigurationPlatforms) = postSolution
		{A66E49B8-F901-404D-81CA-68B9C56FCFFA}.Debug|Any CPU.ActiveCfg = Debug|Any CPU
		{A66E49B8-F901-404D-81CA-68B9C56FCFFA}.Debug|Any CPU.Build.0 = Debug|Any CPU
		{A66E49B8-F901-404D-81CA-68B9C56FCFFA}.Release|Any CPU.ActiveCfg = Release|Any CPU
		{A66E49B8-F901-404D-81CA-68B9C56FCFFA}.Release|Any CPU.Build.0 = Release|Any CPU
	EndGlobalSection
	GlobalSection(SolutionProperties) = preSolution
		HideSolutionNode = FALSE
	EndGlobalSection
EndGlobal
